speakeasyVersion: 1.535.1
sources:
    Nkwa Pay API:
        sourceNamespace: nkwa-pay-api
        sourceRevisionDigest: sha256:54d5e1fe9d3845d421b68d4cdd8afc9a89c6d0732f97da30f0c88105970a1bf2
        sourceBlobDigest: sha256:a8b91acbc0c3f3570fa07ab79494ae97df7178351d61d764e81ae5216adfe736
        tags:
            - latest
            - 1.0.0
targets:
    pay:
        source: Nkwa Pay API
        sourceNamespace: nkwa-pay-api
        sourceRevisionDigest: sha256:54d5e1fe9d3845d421b68d4cdd8afc9a89c6d0732f97da30f0c88105970a1bf2
        sourceBlobDigest: sha256:a8b91acbc0c3f3570fa07ab79494ae97df7178351d61d764e81ae5216adfe736
        codeSamplesNamespace: nkwa-pay-api-go-code-samples
        codeSamplesRevisionDigest: sha256:b240684904f12273be6a02cf0a8bb6b098e9517a8711f353cf6478f344987631
workflow:
    workflowVersion: 1.0.0
    speakeasyVersion: latest
    sources:
        Nkwa Pay API:
            inputs:
                - location: /Users/ebaneck/Downloads/nkwa-pay-openapi.json
            overlays:
                - location: .speakeasy/speakeasy-modifications-overlay.yaml
            registry:
                location: registry.speakeasyapi.dev/nkwa/pay/nkwa-pay-api
    targets:
        pay:
            target: go
            source: Nkwa Pay API
            codeSamples:
                registry:
                    location: registry.speakeasyapi.dev/nkwa/pay/nkwa-pay-api-go-code-samples
                labelOverride:
                    fixedValue: Go (SDK)
                blocking: false
